
Microsoft Visual Studio Solution File, Format Version 12.00
# Visual Studio Version 17
VisualStudioVersion = 17.13.35825.156
MinimumVisualStudioVersion = 10.0.40219.1
Project("{FAE04EC0-301F-11D3-BF4B-00C04F79EFBC}") = "bookbox", "bookbox\bookbox.csproj", "{9C596823-2D75-45B4-85A8-950C3CBE130D}"
EndProject
Global
	GlobalSection(SolutionConfigurationPlatforms) = preSolution
		Debug|Any CPU = Debug|Any CPU
		Debug|x64 = Debug|x64
		Debug|x86 = Debug|x86
		Release|Any CPU = Release|Any CPU
		Release|x64 = Release|x64
		Release|x86 = Release|x86
	EndGlobalSection
	GlobalSection(ProjectConfigurationPlatforms) = postSolution
		{9C596823-2D75-45B4-85A8-950C3CBE130D}.Debug|Any CPU.ActiveCfg = Debug|Any CPU
		{9C596823-2D75-45B4-85A8-950C3CBE130D}.Debug|Any CPU.Build.0 = Debug|Any CPU
		{9C596823-2D75-45B4-85A8-950C3CBE130D}.Debug|x64.ActiveCfg = Debug|Any CPU
		{9C596823-2D75-45B4-85A8-950C3CBE130D}.Debug|x64.Build.0 = Debug|Any CPU
		{9C596823-2D75-45B4-85A8-950C3CBE130D}.Debug|x86.ActiveCfg = Debug|Any CPU
		{9C596823-2D75-45B4-85A8-950C3CBE130D}.Debug|x86.Build.0 = Debug|Any CPU
		{9C596823-2D75-45B4-85A8-950C3CBE130D}.Release|Any CPU.ActiveCfg = Release|Any CPU
		{9C596823-2D75-45B4-85A8-950C3CBE130D}.Release|Any CPU.Build.0 = Release|Any CPU
		{9C596823-2D75-45B4-85A8-950C3CBE130D}.Release|x64.ActiveCfg = Release|Any CPU
		{9C596823-2D75-45B4-85A8-950C3CBE130D}.Release|x64.Build.0 = Release|Any CPU
		{9C596823-2D75-45B4-85A8-950C3CBE130D}.Release|x86.ActiveCfg = Release|Any CPU
		{9C596823-2D75-45B4-85A8-950C3CBE130D}.Release|x86.Build.0 = Release|Any CPU
	EndGlobalSection
	GlobalSection(SolutionProperties) = preSolution
		HideSolutionNode = FALSE
	EndGlobalSection
	GlobalSection(ExtensibilityGlobals) = postSolution
		SolutionGuid = {429EB766-4D14-4834-974C-5CE10B75866E}
	EndGlobalSection
EndGlobal
